
Microsoft Visual Studio Solution File, Format Version 12.00
# Visual Studio 15
VisualStudioVersion = 15.0.26730.3
MinimumVisualStudioVersion = 10.0.40219.1
Project("{FAE04EC0-301F-11D3-BF4B-00C04F79EFBC}") = "Cake.Graph", "Cake.Graph.csproj", "{DDF7DB06-136F-4FB0-B6DB-01B3AB9A8C37}"
EndProject
Global
	GlobalSection(SolutionConfigurationPlatforms) = preSolution
		Debug|Any CPU = Debug|Any CPU
		Release|Any CPU = Release|Any CPU
	EndGlobalSection
	GlobalSection(ProjectConfigurationPlatforms) = postSolution
		{DDF7DB06-136F-4FB0-B6DB-01B3AB9A8C37}.Debug|Any CPU.ActiveCfg = Debug|Any CPU
		{DDF7DB06-136F-4FB0-B6DB-01B3AB9A8C37}.Debug|Any CPU.Build.0 = Debug|Any CPU
		{DDF7DB06-136F-4FB0-B6DB-01B3AB9A8C37}.Release|Any CPU.ActiveCfg = Release|Any CPU
		{DDF7DB06-136F-4FB0-B6DB-01B3AB9A8C37}.Release|Any CPU.Build.0 = Release|Any CPU
	EndGlobalSection
	GlobalSection(SolutionProperties) = preSolution
		HideSolutionNode = FALSE
	EndGlobalSection
	GlobalSection(ExtensibilityGlobals) = postSolution
		SolutionGuid = {64D5BDDD-226F-4068-B087-46CC7EA40479}
	EndGlobalSection
EndGlobal
